
Microsoft Visual Studio Solution File, Format Version 12.00
# Visual Studio Version 16
VisualStudioVersion = 16.0.31911.196
MinimumVisualStudioVersion = 10.0.40219.1
Project("{FAE04EC0-301F-11D3-BF4B-00C04F79EFBC}") = "TemparatureProgram", "TemparatureProgram\TemparatureProgram.csproj", "{1CCD1873-934F-4342-AAB5-F655FDE99DAE}"
EndProject
Global
	GlobalSection(SolutionConfigurationPlatforms) = preSolution
		Debug|Any CPU = Debug|Any CPU
		Release|Any CPU = Release|Any CPU
	EndGlobalSection
	GlobalSection(ProjectConfigurationPlatforms) = postSolution
		{1CCD1873-934F-4342-AAB5-F655FDE99DAE}.Debug|Any CPU.ActiveCfg = Debug|Any CPU
		{1CCD1873-934F-4342-AAB5-F655FDE99DAE}.Debug|Any CPU.Build.0 = Debug|Any CPU
		{1CCD1873-934F-4342-AAB5-F655FDE99DAE}.Release|Any CPU.ActiveCfg = Release|Any CPU
		{1CCD1873-934F-4342-AAB5-F655FDE99DAE}.Release|Any CPU.Build.0 = Release|Any CPU
	EndGlobalSection
	GlobalSection(SolutionProperties) = preSolution
		HideSolutionNode = FALSE
	EndGlobalSection
	GlobalSection(ExtensibilityGlobals) = postSolution
		SolutionGuid = {B058B333-89EB-4D26-A716-3B374C26D63E}
	EndGlobalSection
EndGlobal
