
Microsoft Visual Studio Solution File, Format Version 12.00
# Visual Studio Version 16
VisualStudioVersion = 16.0.31911.196
MinimumVisualStudioVersion = 10.0.40219.1
Project("{FAE04EC0-301F-11D3-BF4B-00C04F79EFBC}") = "StudentServiceTax", "StudentServiceTax\StudentServiceTax.csproj", "{3138B29E-6C84-41F0-BE8B-82F63F89D53F}"
EndProject
Global
	GlobalSection(SolutionConfigurationPlatforms) = preSolution
		Debug|Any CPU = Debug|Any CPU
		Release|Any CPU = Release|Any CPU
	EndGlobalSection
	GlobalSection(ProjectConfigurationPlatforms) = postSolution
		{3138B29E-6C84-41F0-BE8B-82F63F89D53F}.Debug|Any CPU.ActiveCfg = Debug|Any CPU
		{3138B29E-6C84-41F0-BE8B-82F63F89D53F}.Debug|Any CPU.Build.0 = Debug|Any CPU
		{3138B29E-6C84-41F0-BE8B-82F63F89D53F}.Release|Any CPU.ActiveCfg = Release|Any CPU
		{3138B29E-6C84-41F0-BE8B-82F63F89D53F}.Release|Any CPU.Build.0 = Release|Any CPU
	EndGlobalSection
	GlobalSection(SolutionProperties) = preSolution
		HideSolutionNode = FALSE
	EndGlobalSection
	GlobalSection(ExtensibilityGlobals) = postSolution
		SolutionGuid = {28913CE9-2D34-445B-BFD4-3110FB600477}
	EndGlobalSection
EndGlobal
