
Microsoft Visual Studio Solution File, Format Version 12.00
# Visual Studio Version 16
VisualStudioVersion = 16.0.31911.196
MinimumVisualStudioVersion = 10.0.40219.1
Project("{FAE04EC0-301F-11D3-BF4B-00C04F79EFBC}") = "ArrayListsExample", "ArrayListsExample\ArrayListsExample.csproj", "{BBDDBCF6-549A-41CE-A4A1-B0E912B0F79C}"
EndProject
Global
	GlobalSection(SolutionConfigurationPlatforms) = preSolution
		Debug|Any CPU = Debug|Any CPU
		Release|Any CPU = Release|Any CPU
	EndGlobalSection
	GlobalSection(ProjectConfigurationPlatforms) = postSolution
		{BBDDBCF6-549A-41CE-A4A1-B0E912B0F79C}.Debug|Any CPU.ActiveCfg = Debug|Any CPU
		{BBDDBCF6-549A-41CE-A4A1-B0E912B0F79C}.Debug|Any CPU.Build.0 = Debug|Any CPU
		{BBDDBCF6-549A-41CE-A4A1-B0E912B0F79C}.Release|Any CPU.ActiveCfg = Release|Any CPU
		{BBDDBCF6-549A-41CE-A4A1-B0E912B0F79C}.Release|Any CPU.Build.0 = Release|Any CPU
	EndGlobalSection
	GlobalSection(SolutionProperties) = preSolution
		HideSolutionNode = FALSE
	EndGlobalSection
	GlobalSection(ExtensibilityGlobals) = postSolution
		SolutionGuid = {73DAA940-1696-4DAA-84E4-D7EFE113BBEC}
	EndGlobalSection
EndGlobal
