
Microsoft Visual Studio Solution File, Format Version 12.00
# Visual Studio Version 16
VisualStudioVersion = 16.0.31911.196
MinimumVisualStudioVersion = 10.0.40219.1
Project("{FAE04EC0-301F-11D3-BF4B-00C04F79EFBC}") = "AddTwoNumbers", "AddTwoNumbers\AddTwoNumbers.csproj", "{1B922D43-40E4-403B-AD83-2EC63AFCFAD0}"
EndProject
Global
	GlobalSection(SolutionConfigurationPlatforms) = preSolution
		Debug|Any CPU = Debug|Any CPU
		Release|Any CPU = Release|Any CPU
	EndGlobalSection
	GlobalSection(ProjectConfigurationPlatforms) = postSolution
		{1B922D43-40E4-403B-AD83-2EC63AFCFAD0}.Debug|Any CPU.ActiveCfg = Debug|Any CPU
		{1B922D43-40E4-403B-AD83-2EC63AFCFAD0}.Debug|Any CPU.Build.0 = Debug|Any CPU
		{1B922D43-40E4-403B-AD83-2EC63AFCFAD0}.Release|Any CPU.ActiveCfg = Release|Any CPU
		{1B922D43-40E4-403B-AD83-2EC63AFCFAD0}.Release|Any CPU.Build.0 = Release|Any CPU
	EndGlobalSection
	GlobalSection(SolutionProperties) = preSolution
		HideSolutionNode = FALSE
	EndGlobalSection
	GlobalSection(ExtensibilityGlobals) = postSolution
		SolutionGuid = {1DB931EA-96F8-4774-AD5B-5265F9306C53}
	EndGlobalSection
EndGlobal
